// !$*UTF8*$!
{
	archiveVersion = 1;
	classes = {
	};
	objectVersion = 50;
	objects = {

/* Begin PBXBuildFile section */
		312472A9244D724000CE23AD /* AppDelegate.m in Sources */ = {isa = PBXBuildFile; fileRef = 312472A8244D724000CE23AD /* AppDelegate.m */; };
		312472AC244D724000CE23AD /* ViewController.m in Sources */ = {isa = PBXBuildFile; fileRef = 312472AB244D724000CE23AD /* ViewController.m */; };
		312472AF244D724000CE23AD /* CoreDataDemo.xcdatamodeld in Sources */ = {isa = PBXBuildFile; fileRef = 312472AD244D724000CE23AD /* CoreDataDemo.xcdatamodeld */; };
		312472B1244D724100CE23AD /* Assets.xcassets in Resources */ = {isa = PBXBuildFile; fileRef = 312472B0244D724100CE23AD /* Assets.xcassets */; };
		312472B4244D724100CE23AD /* Main.storyboard in Resources */ = {isa = PBXBuildFile; fileRef = 312472B2244D724100CE23AD /* Main.storyboard */; };
		312472B7244D724100CE23AD /* main.m in Sources */ = {isa = PBXBuildFile; fileRef = 312472B6244D724100CE23AD /* main.m */; };
		312472D4244D7A1000CE23AD /* Person+CoreDataClass.m in Sources */ = {isa = PBXBuildFile; fileRef = 312472D2244D7A1000CE23AD /* Person+CoreDataClass.m */; };
		312472D5244D7A1000CE23AD /* Person+CoreDataProperties.m in Sources */ = {isa = PBXBuildFile; fileRef = 312472D3244D7A1000CE23AD /* Person+CoreDataProperties.m */; };
		312472D7244D82BC00CE23AD /* Readme.txt in Resources */ = {isa = PBXBuildFile; fileRef = 312472D6244D82BC00CE23AD /* Readme.txt */; };
/* End PBXBuildFile section */

/* Begin PBXFileReference section */
		312472A4244D724000CE23AD /* CoreDataDemo.app */ = {isa = PBXFileReference; explicitFileType = wrapper.application; includeInIndex = 0; path = CoreDataDemo.app; sourceTree = BUILT_PRODUCTS_DIR; };
		312472A7244D724000CE23AD /* AppDelegate.h */ = {isa = PBXFileReference; lastKnownFileType = sourcecode.c.h; path = AppDelegate.h; sourceTree = "<group>"; };
		312472A8244D724000CE23AD /* AppDelegate.m */ = {isa = PBXFileReference; lastKnownFileType = sourcecode.c.objc; path = AppDelegate.m; sourceTree = "<group>"; };
		312472AA244D724000CE23AD /* ViewController.h */ = {isa = PBXFileReference; lastKnownFileType = sourcecode.c.h; path = ViewController.h; sourceTree = "<group>"; };
		312472AB244D724000CE23AD /* ViewController.m */ = {isa = PBXFileReference; lastKnownFileType = sourcecode.c.objc; path = ViewController.m; sourceTree = "<group>"; };
		312472AE244D724000CE23AD /* CoreDataDemo.xcdatamodel */ = {isa = PBXFileReference; lastKnownFileType = wrapper.xcdatamodel; path = CoreDataDemo.xcdatamodel; sourceTree = "<group>"; };
		312472B0244D724100CE23AD /* Assets.xcassets */ = {isa = PBXFileReference; lastKnownFileType = folder.assetcatalog; path = Assets.xcassets; sourceTree = "<group>"; };
		312472B3244D724100CE23AD /* Base */ = {isa = PBXFileReference; lastKnownFileType = file.storyboard; name = Base; path = Base.lproj/Main.storyboard; sourceTree = "<group>"; };
		312472B5244D724100CE23AD /* Info.plist */ = {isa = PBXFileReference; lastKnownFileType = text.plist.xml; path = Info.plist; sourceTree = "<group>"; };
		312472B6244D724100CE23AD /* main.m */ = {isa = PBXFileReference; lastKnownFileType = sourcecode.c.objc; path = main.m; sourceTree = "<group>"; };
		312472B8244D724100CE23AD /* CoreDataDemo.entitlements */ = {isa = PBXFileReference; lastKnownFileType = text.plist.entitlements; path = CoreDataDemo.entitlements; sourceTree = "<group>"; };
		312472D0244D7A1000CE23AD /* Person+CoreDataProperties.h */ = {isa = PBXFileReference; lastKnownFileType = sourcecode.c.h; name = "Person+CoreDataProperties.h"; path = "CoreDataDemo/Person+CoreDataProperties.h"; sourceTree = "<group>"; };
		312472D1244D7A1000CE23AD /* Person+CoreDataClass.h */ = {isa = PBXFileReference; lastKnownFileType = sourcecode.c.h; name = "Person+CoreDataClass.h"; path = "CoreDataDemo/Person+CoreDataClass.h"; sourceTree = "<group>"; };
		312472D2244D7A1000CE23AD /* Person+CoreDataClass.m */ = {isa = PBXFileReference; lastKnownFileType = sourcecode.c.objc; name = "Person+CoreDataClass.m"; path = "CoreDataDemo/Person+CoreDataClass.m"; sourceTree = "<group>"; };
		312472D3244D7A1000CE23AD /* Person+CoreDataProperties.m */ = {isa = PBXFileReference; lastKnownFileType = sourcecode.c.objc; name = "Person+CoreDataProperties.m"; path = "CoreDataDemo/Person+CoreDataProperties.m"; sourceTree = "<group>"; };
		312472D6244D82BC00CE23AD /* Readme.txt */ = {isa = PBXFileReference; lastKnownFileType = text; path = Readme.txt; sourceTree = "<group>"; };
/* End PBXFileReference section */

/* Begin PBXFrameworksBuildPhase section */
		312472A1244D724000CE23AD /* Frameworks */ = {
			isa = PBXFrameworksBuildPhase;
			buildActionMask = 2147483647;
			files = (
			);
			runOnlyForDeploymentPostprocessing = 0;
		};
/* End PBXFrameworksBuildPhase section */

/* Begin PBXGroup section */
		3124729B244D724000CE23AD = {
			isa = PBXGroup;
			children = (
				312472D1244D7A1000CE23AD /* Person+CoreDataClass.h */,
				312472D2244D7A1000CE23AD /* Person+CoreDataClass.m */,
				312472D0244D7A1000CE23AD /* Person+CoreDataProperties.h */,
				312472D3244D7A1000CE23AD /* Person+CoreDataProperties.m */,
				312472A6244D724000CE23AD /* CoreDataDemo */,
				312472A5244D724000CE23AD /* Products */,
			);
			sourceTree = "<group>";
		};
		312472A5244D724000CE23AD /* Products */ = {
			isa = PBXGroup;
			children = (
				312472A4244D724000CE23AD /* CoreDataDemo.app */,
			);
			name = Products;
			sourceTree = "<group>";
		};
		312472A6244D724000CE23AD /* CoreDataDemo */ = {
			isa = PBXGroup;
			children = (
				312472A7244D724000CE23AD /* AppDelegate.h */,
				312472A8244D724000CE23AD /* AppDelegate.m */,
				312472AA244D724000CE23AD /* ViewController.h */,
				312472AB244D724000CE23AD /* ViewController.m */,
				312472D6244D82BC00CE23AD /* Readme.txt */,
				312472B0244D724100CE23AD /* Assets.xcassets */,
				312472B2244D724100CE23AD /* Main.storyboard */,
				312472B5244D724100CE23AD /* Info.plist */,
				312472B6244D724100CE23AD /* main.m */,
				312472B8244D724100CE23AD /* CoreDataDemo.entitlements */,
				312472AD244D724000CE23AD /* CoreDataDemo.xcdatamodeld */,
			);
			path = CoreDataDemo;
			sourceTree = "<group>";
		};
/* End PBXGroup section */

/* Begin PBXNativeTarget section */
		312472A3244D724000CE23AD /* CoreDataDemo */ = {
			isa = PBXNativeTarget;
			buildConfigurationList = 312472BB244D724100CE23AD /* Build configuration list for PBXNativeTarget "CoreDataDemo" */;
			buildPhases = (
				312472A0244D724000CE23AD /* Sources */,
				312472A1244D724000CE23AD /* Frameworks */,
				312472A2244D724000CE23AD /* Resources */,
			);
			buildRules = (
			);
			dependencies = (
			);
			name = CoreDataDemo;
			productName = CoreDataDemo;
			productReference = 312472A4244D724000CE23AD /* CoreDataDemo.app */;
			productType = "com.apple.product-type.application";
		};
/* End PBXNativeTarget section */

/* Begin PBXProject section */
		3124729C244D724000CE23AD /* Project object */ = {
			isa = PBXProject;
			attributes = {
				LastUpgradeCheck = 1100;
				ORGANIZATIONNAME = Jerry.Yang;
				TargetAttributes = {
					312472A3244D724000CE23AD = {
						CreatedOnToolsVersion = 11.0;
						LastSwiftMigration = 1100;
					};
				};
			};
			buildConfigurationList = 3124729F244D724000CE23AD /* Build configuration list for PBXProject "CoreDataDemo" */;
			compatibilityVersion = "Xcode 9.3";
			developmentRegion = en;
			hasScannedForEncodings = 0;
			knownRegions = (
				en,
				Base,
			);
			mainGroup = 3124729B244D724000CE23AD;
			productRefGroup = 312472A5244D724000CE23AD /* Products */;
			projectDirPath = "";
			projectRoot = "";
			targets = (
				312472A3244D724000CE23AD /* CoreDataDemo */,
			);
		};
/* End PBXProject section */

/* Begin PBXResourcesBuildPhase section */
		312472A2244D724000CE23AD /* Resources */ = {
			isa = PBXResourcesBuildPhase;
			buildActionMask = 2147483647;
			files = (
				312472D7244D82BC00CE23AD /* Readme.txt in Resources */,
				312472B1244D724100CE23AD /* Assets.xcassets in Resources */,
				312472B4244D724100CE23AD /* Main.storyboard in Resources */,
			);
			runOnlyForDeploymentPostprocessing = 0;
		};
/* End PBXResourcesBuildPhase section */

/* Begin PBXSourcesBuildPhase section */
		312472A0244D724000CE23AD /* Sources */ = {
			isa = PBXSourcesBuildPhase;
			buildActionMask = 2147483647;
			files = (
				312472AC244D724000CE23AD /* ViewController.m in Sources */,
				312472AF244D724000CE23AD /* CoreDataDemo.xcdatamodeld in Sources */,
				312472B7244D724100CE23AD /* main.m in Sources */,
				312472A9244D724000CE23AD /* AppDelegate.m in Sources */,
				312472D5244D7A1000CE23AD /* Person+CoreDataProperties.m in Sources */,
				312472D4244D7A1000CE23AD /* Person+CoreDataClass.m in Sources */,
			);
			runOnlyForDeploymentPostprocessing = 0;
		};
/* End PBXSourcesBuildPhase section */

/* Begin PBXVariantGroup section */
		312472B2244D724100CE23AD /* Main.storyboard */ = {
			isa = PBXVariantGroup;
			children = (
				312472B3244D724100CE23AD /* Base */,
			);
			name = Main.storyboard;
			sourceTree = "<group>";
		};
/* End PBXVariantGroup section */

/* Begin XCBuildConfiguration section */
		312472B9244D724100CE23AD /* Debug */ = {
			isa = XCBuildConfiguration;
			buildSettings = {
				ALWAYS_SEARCH_USER_PATHS = NO;
				CLANG_ANALYZER_NONNULL = YES;
				CLANG_ANALYZER_NUMBER_OBJECT_CONVERSION = YES_AGGRESSIVE;
				CLANG_CXX_LANGUAGE_STANDARD = "gnu++14";
				CLANG_CXX_LIBRARY = "libc++";
				CLANG_ENABLE_MODULES = YES;
				CLANG_ENABLE_OBJC_ARC = YES;
				CLANG_ENABLE_OBJC_WEAK = YES;
				CLANG_WARN_BLOCK_CAPTURE_AUTORELEASING = YES;
				CLANG_WARN_BOOL_CONVERSION = YES;
				CLANG_WARN_COMMA = YES;
				CLANG_WARN_CONSTANT_CONVERSION = YES;
				CLANG_WARN_DEPRECATED_OBJC_IMPLEMENTATIONS = YES;
				CLANG_WARN_DIRECT_OBJC_ISA_USAGE = YES_ERROR;
				CLANG_WARN_DOCUMENTATION_COMMENTS = YES;
				CLANG_WARN_EMPTY_BODY = YES;
				CLANG_WARN_ENUM_CONVERSION = YES;
				CLANG_WARN_INFINITE_RECURSION = YES;
				CLANG_WARN_INT_CONVERSION = YES;
				CLANG_WARN_NON_LITERAL_NULL_CONVERSION = YES;
				CLANG_WARN_OBJC_IMPLICIT_RETAIN_SELF = YES;
				CLANG_WARN_OBJC_LITERAL_CONVERSION = YES;
				CLANG_WARN_OBJC_ROOT_CLASS = YES_ERROR;
				CLANG_WARN_RANGE_LOOP_ANALYSIS = YES;
				CLANG_WARN_STRICT_PROTOTYPES = YES;
				CLANG_WARN_SUSPICIOUS_MOVE = YES;
				CLANG_WARN_UNGUARDED_AVAILABILITY = YES_AGGRESSIVE;
				CLANG_WARN_UNREACHABLE_CODE = YES;
				CLANG_WARN__DUPLICATE_METHOD_MATCH = YES;
				COPY_PHASE_STRIP = NO;
				DEBUG_INFORMATION_FORMAT = dwarf;
				ENABLE_STRICT_OBJC_MSGSEND = YES;
				ENABLE_TESTABILITY = YES;
				GCC_C_LANGUAGE_STANDARD = gnu11;
				GCC_DYNAMIC_NO_PIC = NO;
				GCC_NO_COMMON_BLOCKS = YES;
				GCC_OPTIMIZATION_LEVEL = 0;
				GCC_PREPROCESSOR_DEFINITIONS = (
					"DEBUG=1",
					"$(inherited)",
				);
				GCC_WARN_64_TO_32_BIT_CONVERSION = YES;
				GCC_WARN_ABOUT_RETURN_TYPE = YES_ERROR;
				GCC_WARN_UNDECLARED_SELECTOR = YES;
				GCC_WARN_UNINITIALIZED_AUTOS = YES_AGGRESSIVE;
				GCC_WARN_UNUSED_FUNCTION = YES;
				GCC_WARN_UNUSED_VARIABLE = YES;
				MACOSX_DEPLOYMENT_TARGET = 10.14;
				MTL_ENABLE_DEBUG_INFO = INCLUDE_SOURCE;
				MTL_FAST_MATH = YES;
				ONLY_ACTIVE_ARCH = YES;
				SDKROOT = macosx;
			};
			name = Debug;
		};
		312472BA244D724100CE23AD /* Release */ = {
			isa = XCBuildConfiguration;
			buildSettings = {
				ALWAYS_SEARCH_USER_PATHS = NO;
				CLANG_ANALYZER_NONNULL = YES;
				CLANG_ANALYZER_NUMBER_OBJECT_CONVERSION = YES_AGGRESSIVE;
				CLANG_CXX_LANGUAGE_STANDARD = "gnu++14";
				CLANG_CXX_LIBRARY = "libc++";
				CLANG_ENABLE_MODULES = YES;
				CLANG_ENABLE_OBJC_ARC = YES;
				CLANG_ENABLE_OBJC_WEAK = YES;
				CLANG_WARN_BLOCK_CAPTURE_AUTORELEASING = YES;
				CLANG_WARN_BOOL_CONVERSION = YES;
				CLANG_WARN_COMMA = YES;
				CLANG_WARN_CONSTANT_CONVERSION = YES;
				CLANG_WARN_DEPRECATED_OBJC_IMPLEMENTATIONS = YES;
				CLANG_WARN_DIRECT_OBJC_ISA_USAGE = YES_ERROR;
				CLANG_WARN_DOCUMENTATION_COMMENTS = YES;
				CLANG_WARN_EMPTY_BODY = YES;
				CLANG_WARN_ENUM_CONVERSION = YES;
				CLANG_WARN_INFINITE_RECURSION = YES;
				CLANG_WARN_INT_CONVERSION = YES;
				CLANG_WARN_NON_LITERAL_NULL_CONVERSION = YES;
				CLANG_WARN_OBJC_IMPLICIT_RETAIN_SELF = YES;
				CLANG_WARN_OBJC_LITERAL_CONVERSION = YES;
				CLANG_WARN_OBJC_ROOT_CLASS = YES_ERROR;
				CLANG_WARN_RANGE_LOOP_ANALYSIS = YES;
				CLANG_WARN_STRICT_PROTOTYPES = YES;
				CLANG_WARN_SUSPICIOUS_MOVE = YES;
				CLANG_WARN_UNGUARDED_AVAILABILITY = YES_AGGRESSIVE;
				CLANG_WARN_UNREACHABLE_CODE = YES;
				CLANG_WARN__DUPLICATE_METHOD_MATCH = YES;
				COPY_PHASE_STRIP = NO;
				DEBUG_INFORMATION_FORMAT = "dwarf-with-dsym";
				ENABLE_NS_ASSERTIONS = NO;
				ENABLE_STRICT_OBJC_MSGSEND = YES;
				GCC_C_LANGUAGE_STANDARD = gnu11;
				GCC_NO_COMMON_BLOCKS = YES;
				GCC_WARN_64_TO_32_BIT_CONVERSION = YES;
				GCC_WARN_ABOUT_RETURN_TYPE = YES_ERROR;
				GCC_WARN_UNDECLARED_SELECTOR = YES;
				GCC_WARN_UNINITIALIZED_AUTOS = YES_AGGRESSIVE;
				GCC_WARN_UNUSED_FUNCTION = YES;
				GCC_WARN_UNUSED_VARIABLE = YES;
				MACOSX_DEPLOYMENT_TARGET = 10.14;
				MTL_ENABLE_DEBUG_INFO = NO;
				MTL_FAST_MATH = YES;
				SDKROOT = macosx;
			};
			name = Release;
		};
		312472BC244D724100CE23AD /* Debug */ = {
			isa = XCBuildConfiguration;
			buildSettings = {
				ASSETCATALOG_COMPILER_APPICON_NAME = AppIcon;
				CLANG_ENABLE_MODULES = YES;
				CODE_SIGN_ENTITLEMENTS = CoreDataDemo/CoreDataDemo.entitlements;
				CODE_SIGN_STYLE = Automatic;
				COMBINE_HIDPI_IMAGES = YES;
				INFOPLIST_FILE = CoreDataDemo/Info.plist;
				LD_RUNPATH_SEARCH_PATHS = (
					"$(inherited)",
					"@executable_path/../Frameworks",
				);
				PRODUCT_BUNDLE_IDENTIFIER = com.shztt.CoreDataDemo;
				PRODUCT_NAME = "$(TARGET_NAME)";
				SWIFT_OBJC_BRIDGING_HEADER = "CoreDataDemo-Bridging-Header.h";
				SWIFT_OPTIMIZATION_LEVEL = "-Onone";
				SWIFT_VERSION = 5.0;
			};
			name = Debug;
		};
		312472BD244D724100CE23AD /* Release */ = {
			isa = XCBuildConfiguration;
			buildSettings = {
				ASSETCATALOG_COMPILER_APPICON_NAME = AppIcon;
				CLANG_ENABLE_MODULES = YES;
				CODE_SIGN_ENTITLEMENTS = CoreDataDemo/CoreDataDemo.entitlements;
				CODE_SIGN_STYLE = Automatic;
				COMBINE_HIDPI_IMAGES = YES;
				INFOPLIST_FILE = CoreDataDemo/Info.plist;
				LD_RUNPATH_SEARCH_PATHS = (
					"$(inherited)",
					"@executable_path/../Frameworks",
				);
				PRODUCT_BUNDLE_IDENTIFIER = com.shztt.CoreDataDemo;
				PRODUCT_NAME = "$(TARGET_NAME)";
				SWIFT_OBJC_BRIDGING_HEADER = "CoreDataDemo-Bridging-Header.h";
				SWIFT_VERSION = 5.0;
			};
			name = Release;
		};
/* End XCBuildConfiguration section */

/* Begin XCConfigurationList section */
		3124729F244D724000CE23AD /* Build configuration list for PBXProject "CoreDataDemo" */ = {
			isa = XCConfigurationList;
			buildConfigurations = (
				312472B9244D724100CE23AD /* Debug */,
				312472BA244D724100CE23AD /* Release */,
			);
			defaultConfigurationIsVisible = 0;
			defaultConfigurationName = Release;
		};
		312472BB244D724100CE23AD /* Build configuration list for PBXNativeTarget "CoreDataDemo" */ = {
			isa = XCConfigurationList;
			buildConfigurations = (
				312472BC244D724100CE23AD /* Debug */,
				312472BD244D724100CE23AD /* Release */,
			);
			defaultConfigurationIsVisible = 0;
			defaultConfigurationName = Release;
		};
/* End XCConfigurationList section */

/* Begin XCVersionGroup section */
		312472AD244D724000CE23AD /* CoreDataDemo.xcdatamodeld */ = {
			isa = XCVersionGroup;
			children = (
				312472AE244D724000CE23AD /* CoreDataDemo.xcdatamodel */,
			);
			currentVersion = 312472AE244D724000CE23AD /* CoreDataDemo.xcdatamodel */;
			path = CoreDataDemo.xcdatamodeld;
			sourceTree = "<group>";
			versionGroupType = wrapper.xcdatamodel;
		};
/* End XCVersionGroup section */
	};
	rootObject = 3124729C244D724000CE23AD /* Project object */;
}
